# This file is generated by running "yarn install" inside your project.
# Manual changes might be lost - proceed with caution!

__metadata:
  version: 4

"axios@npm:^0.19.2":
  version: 0.19.2
  resolution: "axios@npm:0.19.2"
  dependencies:
    follow-redirects: 1.5.10
  checksum: 28c860c203dc1e545a899eea83c95c51bb7de4a21ffef4781de11331207371c9cb1a680bcc7122dda936cd5e51f83f7b0a0eccc50801229b5e4914c8f2dd8907
  languageName: node
  linkType: hard

"debug@npm:=3.1.0":
  version: 3.1.0
  resolution: "debug@npm:3.1.0"
  dependencies:
    ms: 2.0.0
  checksum: 31ac62be845b3e2bc49ea566665749e58030123e6d0b2960cb7c730037dc825f46d012e3f63f43fc9d60de3c52edbce705d22cb7e571e2822c81bc5d5ae09da9
  languageName: node
  linkType: hard

"debug@npm:^4.0.1":
  version: 4.1.1
  resolution: "debug@npm:4.1.1"
  dependencies:
    ms: ^2.1.1
  checksum: e3bfa1544ced80ac5764aa313530150af442e5ce53f91090f00e3aff33a8b535ce60a7502d1451b3cbc2b9cd6994b3a08a38fbd3ff7a2ec801ad79d8b457b8e8
  languageName: node
  linkType: hard

"follow-redirects@npm:1.5.10":
  version: 1.5.10
  resolution: "follow-redirects@npm:1.5.10"
  dependencies:
    debug: =3.1.0
  checksum: 23c6333d60b73b899f9495d67b3dd5b2b99c26cd76278d03def3c39c715f0eed53cbfe1eb1e342a7281041961fe2c69c03daa97279df66a552ab6fb3d22059fc
  languageName: node
  linkType: hard

"minimist@npm:^1.2.0":
  version: 1.2.5
  resolution: "minimist@npm:1.2.5"
  checksum: 5ac4259ffedd770e1533f352a5ddf4e6196fb296c2ab43b982b30ddf47ae348e6fe8b9f4c359092fe110ac4385315e70fd7d029e306622f87f6f71676460f006
  languageName: node
  linkType: hard

"module-alias@npm:^2.2.2":
  version: 2.2.2
  resolution: "module-alias@npm:2.2.2"
  checksum: 693c32ce910fa99238068d54727e0818b828544b3918eaaee6caa6b440ba168f03a7dc63075b90986c671637399fdef42fa516c0a45af1b51c8674fb9ef80535
  languageName: node
  linkType: hard

"ms@npm:2.0.0":
  version: 2.0.0
  resolution: "ms@npm:2.0.0"
  checksum: 531c5c3f1d224510ab703166ad6883762bfbc0465c5b43dd8e2aa29e95ac141ca77e5704b7810d4c649d45580e9f78fa8febfe9ffec6a08424033f31089c83fd
  languageName: node
  linkType: hard

"ms@npm:^2.1.1":
  version: 2.1.2
  resolution: "ms@npm:2.1.2"
  checksum: 2a3d955e5199024d4b18630ff47c21b52703a5e892615ae233486b8108f26b5493736009754263eebae765ab79d6e20327dad6e52d7843b689d404245e286549
  languageName: node
  linkType: hard

"node-fetch@npm:^2.2.0":
  version: 2.6.0
  resolution: "node-fetch@npm:2.6.0"
  checksum: 62de03bca8db6d39d2ec3baf51a3c7805a7cb1669dcfcfd0f0dc09b891e8673c80e71abaed8969f6f92401130824706e9103350a2bcc961dab629024781f0fd2
  languageName: node
  linkType: hard

"root-workspace-0b6124@workspace:.":
  version: 0.0.0-use.local
  resolution: "root-workspace-0b6124@workspace:."
  dependencies:
    axios: ^0.19.2
    telegraf: ^3.37.0
  languageName: unknown
  linkType: soft

"sandwich-stream@npm:^2.0.1":
  version: 2.0.2
  resolution: "sandwich-stream@npm:2.0.2"
  checksum: 53b44284549112be786a7fc83e9c027f6761abbd3e9fd64746134351e9c1a916a34d201dd12d28e2545c8c81f16ea6319852008139314191bbe458d8aaf98d3a
  languageName: node
  linkType: hard

"telegraf@npm:^3.37.0":
  version: 3.37.0
  resolution: "telegraf@npm:3.37.0"
  dependencies:
    debug: ^4.0.1
    minimist: ^1.2.0
    module-alias: ^2.2.2
    node-fetch: ^2.2.0
    sandwich-stream: ^2.0.1
    telegram-typings: ^3.6.0
  bin:
    telegraf: bin/telegraf
  checksum: 7b2872a58d4a5e3e4c35754ed1c78f1c034646275075ebf4face7453917e34aa4c861693af2a17f34d12e9aa251671027f896a617da172a0bffa8495de9fd757
  languageName: node
  linkType: hard

"telegram-typings@npm:^3.6.0":
  version: 3.6.1
  resolution: "telegram-typings@npm:3.6.1"
  checksum: 63eb664500a41816189f1155198802bf803856705ea4dd7f4b354a2c560e5f171b0b0c48477b00de21e892ba0fffe86360d892b9df997ed485897e138a463e7d
  languageName: node
  linkType: hard
